# This file is automatically @generated by Cargo.
# It is not intended for manual editing.
version = 4

[[package]]
name = "falglib"
version = "0.1.0"
source = "git+https://github.com/mhcheops8b/falglib_r.git#502792b850fa3280c72cc9e86cd7b6746962201c"
dependencies = [
 "permlib",
]

[[package]]
name = "genfalg"
version = "0.1.0"
dependencies = [
 "falglib",
 "permlib",
]

[[package]]
name = "permlib"
version = "0.1.0"
source = "git+https://github.com/mhcheops8b/permlib_r.git#16595f5c9e49b0deaa98a2c46890c011b0bc392a"
